
Microsoft Visual Studio Solution File, Format Version 12.00
# Visual Studio Version 16
VisualStudioVersion = 16.0.31515.178
MinimumVisualStudioVersion = 10.0.40219.1
Project("{FAE04EC0-301F-11D3-BF4B-00C04F79EFBC}") = "AplicacionWebConASP", "AplicacionWebConASP.csproj", "{4C41DA57-6267-4BE1-ADCB-4A22ED908CAA}"
EndProject
Global
	GlobalSection(SolutionConfigurationPlatforms) = preSolution
		Debug|Any CPU = Debug|Any CPU
		Release|Any CPU = Release|Any CPU
	EndGlobalSection
	GlobalSection(ProjectConfigurationPlatforms) = postSolution
		{4C41DA57-6267-4BE1-ADCB-4A22ED908CAA}.Debug|Any CPU.ActiveCfg = Debug|Any CPU
		{4C41DA57-6267-4BE1-ADCB-4A22ED908CAA}.Debug|Any CPU.Build.0 = Debug|Any CPU
		{4C41DA57-6267-4BE1-ADCB-4A22ED908CAA}.Release|Any CPU.ActiveCfg = Release|Any CPU
		{4C41DA57-6267-4BE1-ADCB-4A22ED908CAA}.Release|Any CPU.Build.0 = Release|Any CPU
	EndGlobalSection
	GlobalSection(SolutionProperties) = preSolution
		HideSolutionNode = FALSE
	EndGlobalSection
	GlobalSection(ExtensibilityGlobals) = postSolution
		SolutionGuid = {626EC8D7-1366-4E6D-910A-DAEC23BA4D96}
	EndGlobalSection
EndGlobal
